
Microsoft Visual Studio Solution File, Format Version 12.00
# Visual Studio Version 17
VisualStudioVersion = 17.0.31903.59
MinimumVisualStudioVersion = 10.0.40219.1
Project("{2150E333-8FDC-42A3-9474-1A3956D46DE8}") = "src", "src", "{827E0CD3-B72D-47B6-A68D-7590B98EB39B}"
EndProject
Project("{FAE04EC0-301F-11D3-BF4B-00C04F79EFBC}") = "GitHubBot.Domain", "src\GitHubBot.Domain\GitHubBot.Domain.csproj", "{8001C580-FDE2-41A1-BA7F-8D8280FFD41E}"
EndProject
Project("{FAE04EC0-301F-11D3-BF4B-00C04F79EFBC}") = "GitHubBot.Application", "src\GitHubBot.Application\GitHubBot.Application.csproj", "{75F9ACB5-C0A0-48FE-BC57-BCC15DAA0581}"
EndProject
Project("{FAE04EC0-301F-11D3-BF4B-00C04F79EFBC}") = "GitHubBot.Infrastructure", "src\GitHubBot.Infrastructure\GitHubBot.Infrastructure.csproj", "{809A4735-6A1A-4D82-B8CE-4974F0E3679C}"
EndProject
Project("{FAE04EC0-301F-11D3-BF4B-00C04F79EFBC}") = "GitHubBot.Api", "src\GitHubBot.Api\GitHubBot.Api.csproj", "{AEBC9C36-3628-4758-B88E-66E49ED9592B}"
EndProject
Project("{FAE04EC0-301F-11D3-BF4B-00C04F79EFBC}") = "GitHubBot.UnitTests", "tests\GitHubBot.UnitTests\GitHubBot.UnitTests.csproj", "{570955AD-94CB-453B-910D-22C17D3FEF69}"
EndProject
Project("{FAE04EC0-301F-11D3-BF4B-00C04F79EFBC}") = "GitHubBot.IntegrationTests", "tests\GitHubBot.IntegrationTests\GitHubBot.IntegrationTests.csproj", "{6E14C3C2-F750-45B0-8BE3-86CC004B2548}"
EndProject
Global
	GlobalSection(SolutionConfigurationPlatforms) = preSolution
		Debug|Any CPU = Debug|Any CPU
		Debug|x64 = Debug|x64
		Debug|x86 = Debug|x86
		Release|Any CPU = Release|Any CPU
		Release|x64 = Release|x64
		Release|x86 = Release|x86
	EndGlobalSection
	GlobalSection(ProjectConfigurationPlatforms) = postSolution
		{8001C580-FDE2-41A1-BA7F-8D8280FFD41E}.Debug|Any CPU.ActiveCfg = Debug|Any CPU
		{8001C580-FDE2-41A1-BA7F-8D8280FFD41E}.Debug|Any CPU.Build.0 = Debug|Any CPU
		{8001C580-FDE2-41A1-BA7F-8D8280FFD41E}.Debug|x64.ActiveCfg = Debug|Any CPU
		{8001C580-FDE2-41A1-BA7F-8D8280FFD41E}.Debug|x64.Build.0 = Debug|Any CPU
		{8001C580-FDE2-41A1-BA7F-8D8280FFD41E}.Debug|x86.ActiveCfg = Debug|Any CPU
		{8001C580-FDE2-41A1-BA7F-8D8280FFD41E}.Debug|x86.Build.0 = Debug|Any CPU
		{8001C580-FDE2-41A1-BA7F-8D8280FFD41E}.Release|Any CPU.ActiveCfg = Release|Any CPU
		{8001C580-FDE2-41A1-BA7F-8D8280FFD41E}.Release|Any CPU.Build.0 = Release|Any CPU
		{8001C580-FDE2-41A1-BA7F-8D8280FFD41E}.Release|x64.ActiveCfg = Release|Any CPU
		{8001C580-FDE2-41A1-BA7F-8D8280FFD41E}.Release|x64.Build.0 = Release|Any CPU
		{8001C580-FDE2-41A1-BA7F-8D8280FFD41E}.Release|x86.ActiveCfg = Release|Any CPU
		{8001C580-FDE2-41A1-BA7F-8D8280FFD41E}.Release|x86.Build.0 = Release|Any CPU
		{75F9ACB5-C0A0-48FE-BC57-BCC15DAA0581}.Debug|Any CPU.ActiveCfg = Debug|Any CPU
		{75F9ACB5-C0A0-48FE-BC57-BCC15DAA0581}.Debug|Any CPU.Build.0 = Debug|Any CPU
		{75F9ACB5-C0A0-48FE-BC57-BCC15DAA0581}.Debug|x64.ActiveCfg = Debug|Any CPU
		{75F9ACB5-C0A0-48FE-BC57-BCC15DAA0581}.Debug|x64.Build.0 = Debug|Any CPU
		{75F9ACB5-C0A0-48FE-BC57-BCC15DAA0581}.Debug|x86.ActiveCfg = Debug|Any CPU
		{75F9ACB5-C0A0-48FE-BC57-BCC15DAA0581}.Debug|x86.Build.0 = Debug|Any CPU
		{75F9ACB5-C0A0-48FE-BC57-BCC15DAA0581}.Release|Any CPU.ActiveCfg = Release|Any CPU
		{75F9ACB5-C0A0-48FE-BC57-BCC15DAA0581}.Release|Any CPU.Build.0 = Release|Any CPU
		{75F9ACB5-C0A0-48FE-BC57-BCC15DAA0581}.Release|x64.ActiveCfg = Release|Any CPU
		{75F9ACB5-C0A0-48FE-BC57-BCC15DAA0581}.Release|x64.Build.0 = Release|Any CPU
		{75F9ACB5-C0A0-48FE-BC57-BCC15DAA0581}.Release|x86.ActiveCfg = Release|Any CPU
		{75F9ACB5-C0A0-48FE-BC57-BCC15DAA0581}.Release|x86.Build.0 = Release|Any CPU
		{809A4735-6A1A-4D82-B8CE-4974F0E3679C}.Debug|Any CPU.ActiveCfg = Debug|Any CPU
		{809A4735-6A1A-4D82-B8CE-4974F0E3679C}.Debug|Any CPU.Build.0 = Debug|Any CPU
		{809A4735-6A1A-4D82-B8CE-4974F0E3679C}.Debug|x64.ActiveCfg = Debug|Any CPU
		{809A4735-6A1A-4D82-B8CE-4974F0E3679C}.Debug|x64.Build.0 = Debug|Any CPU
		{809A4735-6A1A-4D82-B8CE-4974F0E3679C}.Debug|x86.ActiveCfg = Debug|Any CPU
		{809A4735-6A1A-4D82-B8CE-4974F0E3679C}.Debug|x86.Build.0 = Debug|Any CPU
		{809A4735-6A1A-4D82-B8CE-4974F0E3679C}.Release|Any CPU.ActiveCfg = Release|Any CPU
		{809A4735-6A1A-4D82-B8CE-4974F0E3679C}.Release|Any CPU.Build.0 = Release|Any CPU
		{809A4735-6A1A-4D82-B8CE-4974F0E3679C}.Release|x64.ActiveCfg = Release|Any CPU
		{809A4735-6A1A-4D82-B8CE-4974F0E3679C}.Release|x64.Build.0 = Release|Any CPU
		{809A4735-6A1A-4D82-B8CE-4974F0E3679C}.Release|x86.ActiveCfg = Release|Any CPU
		{809A4735-6A1A-4D82-B8CE-4974F0E3679C}.Release|x86.Build.0 = Release|Any CPU
		{AEBC9C36-3628-4758-B88E-66E49ED9592B}.Debug|Any CPU.ActiveCfg = Debug|Any CPU
		{AEBC9C36-3628-4758-B88E-66E49ED9592B}.Debug|Any CPU.Build.0 = Debug|Any CPU
		{AEBC9C36-3628-4758-B88E-66E49ED9592B}.Debug|x64.ActiveCfg = Debug|Any CPU
		{AEBC9C36-3628-4758-B88E-66E49ED9592B}.Debug|x64.Build.0 = Debug|Any CPU
		{AEBC9C36-3628-4758-B88E-66E49ED9592B}.Debug|x86.ActiveCfg = Debug|Any CPU
		{AEBC9C36-3628-4758-B88E-66E49ED9592B}.Debug|x86.Build.0 = Debug|Any CPU
		{AEBC9C36-3628-4758-B88E-66E49ED9592B}.Release|Any CPU.ActiveCfg = Release|Any CPU
		{AEBC9C36-3628-4758-B88E-66E49ED9592B}.Release|Any CPU.Build.0 = Release|Any CPU
		{AEBC9C36-3628-4758-B88E-66E49ED9592B}.Release|x64.ActiveCfg = Release|Any CPU
		{AEBC9C36-3628-4758-B88E-66E49ED9592B}.Release|x64.Build.0 = Release|Any CPU
		{AEBC9C36-3628-4758-B88E-66E49ED9592B}.Release|x86.ActiveCfg = Release|Any CPU
		{AEBC9C36-3628-4758-B88E-66E49ED9592B}.Release|x86.Build.0 = Release|Any CPU
		{570955AD-94CB-453B-910D-22C17D3FEF69}.Debug|Any CPU.ActiveCfg = Debug|Any CPU
		{570955AD-94CB-453B-910D-22C17D3FEF69}.Debug|Any CPU.Build.0 = Debug|Any CPU
		{570955AD-94CB-453B-910D-22C17D3FEF69}.Debug|x64.ActiveCfg = Debug|Any CPU
		{570955AD-94CB-453B-910D-22C17D3FEF69}.Debug|x64.Build.0 = Debug|Any CPU
		{570955AD-94CB-453B-910D-22C17D3FEF69}.Debug|x86.ActiveCfg = Debug|Any CPU
		{570955AD-94CB-453B-910D-22C17D3FEF69}.Debug|x86.Build.0 = Debug|Any CPU
		{570955AD-94CB-453B-910D-22C17D3FEF69}.Release|Any CPU.ActiveCfg = Release|Any CPU
		{570955AD-94CB-453B-910D-22C17D3FEF69}.Release|Any CPU.Build.0 = Release|Any CPU
		{570955AD-94CB-453B-910D-22C17D3FEF69}.Release|x64.ActiveCfg = Release|Any CPU
		{570955AD-94CB-453B-910D-22C17D3FEF69}.Release|x64.Build.0 = Release|Any CPU
		{570955AD-94CB-453B-910D-22C17D3FEF69}.Release|x86.ActiveCfg = Release|Any CPU
		{570955AD-94CB-453B-910D-22C17D3FEF69}.Release|x86.Build.0 = Release|Any CPU
		{6E14C3C2-F750-45B0-8BE3-86CC004B2548}.Debug|Any CPU.ActiveCfg = Debug|Any CPU
		{6E14C3C2-F750-45B0-8BE3-86CC004B2548}.Debug|Any CPU.Build.0 = Debug|Any CPU
		{6E14C3C2-F750-45B0-8BE3-86CC004B2548}.Debug|x64.ActiveCfg = Debug|Any CPU
		{6E14C3C2-F750-45B0-8BE3-86CC004B2548}.Debug|x64.Build.0 = Debug|Any CPU
		{6E14C3C2-F750-45B0-8BE3-86CC004B2548}.Debug|x86.ActiveCfg = Debug|Any CPU
		{6E14C3C2-F750-45B0-8BE3-86CC004B2548}.Debug|x86.Build.0 = Debug|Any CPU
		{6E14C3C2-F750-45B0-8BE3-86CC004B2548}.Release|Any CPU.ActiveCfg = Release|Any CPU
		{6E14C3C2-F750-45B0-8BE3-86CC004B2548}.Release|Any CPU.Build.0 = Release|Any CPU
		{6E14C3C2-F750-45B0-8BE3-86CC004B2548}.Release|x64.ActiveCfg = Release|Any CPU
		{6E14C3C2-F750-45B0-8BE3-86CC004B2548}.Release|x64.Build.0 = Release|Any CPU
		{6E14C3C2-F750-45B0-8BE3-86CC004B2548}.Release|x86.ActiveCfg = Release|Any CPU
		{6E14C3C2-F750-45B0-8BE3-86CC004B2548}.Release|x86.Build.0 = Release|Any CPU
	EndGlobalSection
	GlobalSection(SolutionProperties) = preSolution
		HideSolutionNode = FALSE
	EndGlobalSection
	GlobalSection(NestedProjects) = preSolution
		{8001C580-FDE2-41A1-BA7F-8D8280FFD41E} = {827E0CD3-B72D-47B6-A68D-7590B98EB39B}
		{75F9ACB5-C0A0-48FE-BC57-BCC15DAA0581} = {827E0CD3-B72D-47B6-A68D-7590B98EB39B}
		{809A4735-6A1A-4D82-B8CE-4974F0E3679C} = {827E0CD3-B72D-47B6-A68D-7590B98EB39B}
		{AEBC9C36-3628-4758-B88E-66E49ED9592B} = {827E0CD3-B72D-47B6-A68D-7590B98EB39B}
		{570955AD-94CB-453B-910D-22C17D3FEF69} = {827E0CD3-B72D-47B6-A68D-7590B98EB39B}
		{6E14C3C2-F750-45B0-8BE3-86CC004B2548} = {827E0CD3-B72D-47B6-A68D-7590B98EB39B}
	EndGlobalSection
EndGlobal
